
Microsoft Visual Studio Solution File, Format Version 12.00
# Visual Studio Version 17
VisualStudioVersion = 17.11.35431.28
MinimumVisualStudioVersion = 10.0.40219.1
Project("{FAE04EC0-301F-11D3-BF4B-00C04F79EFBC}") = "LR6", "LR6\LR6.csproj", "{0BA2C750-F453-4F0C-9AD9-002D9DD040FA}"
EndProject
Global
	GlobalSection(SolutionConfigurationPlatforms) = preSolution
		Debug|Any CPU = Debug|Any CPU
		Release|Any CPU = Release|Any CPU
	EndGlobalSection
	GlobalSection(ProjectConfigurationPlatforms) = postSolution
		{0BA2C750-F453-4F0C-9AD9-002D9DD040FA}.Debug|Any CPU.ActiveCfg = Debug|Any CPU
		{0BA2C750-F453-4F0C-9AD9-002D9DD040FA}.Debug|Any CPU.Build.0 = Debug|Any CPU
		{0BA2C750-F453-4F0C-9AD9-002D9DD040FA}.Release|Any CPU.ActiveCfg = Release|Any CPU
		{0BA2C750-F453-4F0C-9AD9-002D9DD040FA}.Release|Any CPU.Build.0 = Release|Any CPU
	EndGlobalSection
	GlobalSection(SolutionProperties) = preSolution
		HideSolutionNode = FALSE
	EndGlobalSection
	GlobalSection(ExtensibilityGlobals) = postSolution
		SolutionGuid = {B12E423A-4B7F-4315-B4FF-FF069B267896}
	EndGlobalSection
EndGlobal
